github.com/unicorn-engine/unicorn v0.0.0-20200324082304-930cb9ada8a4 h1:PFSQ6wGi/zsiHPoOWej86x5Xsmg8uu/k0xqNErILtgE=
github.com/unicorn-engine/unicorn v0.0.0-20200324082304-930cb9ada8a4/go.mod h1:vm0xtY46O4X0t1J6Ob+syPhvL38XAAidXGXmTSlcMZM=
golang.org/x/arch v0.0.0-20200312215426-ff8b605520f4 h1:cZG+Ns0n5bdEEsURGnDinFswSebRNMqspbLvxrLZoIc=
golang.org/x/arch v0.0.0-20200312215426-ff8b605520f4/go.mod h1:flIaEI6LNU6xOCD5PaJvn9wGP0agmIOqjrtsKGRguv4=
gopkg.in/check.v1 v0.0.0-20161208181325-20d25e280405/go.mod h1:Co6ibVJAznAaIkqp8huTwlJQCZ016jof/cbN4VW5Yz0=
gopkg.in/yaml.v2 v2.2.8 h1:obN1ZagJSUGI0Ek/LBmuj4SNLPfIny3KsKFopxRdj10=
gopkg.in/yaml.v2 v2.2.8/go.mod h1:hI93XBmqTisBFMUTm0b8Fm+jr3Dg1NNxqwp+5A1VGuI=
rsc.io/pdf v0.1.1/go.mod h1:n8OzWcQ6Sp37PL01nO98y4iUCRdTGarVfzxY20ICaU4=
